
Microsoft Visual Studio Solution File, Format Version 12.00
# Visual Studio Version 16
VisualStudioVersion = 16.0.29613.14
MinimumVisualStudioVersion = 10.0.40219.1
Project("{F2A71F9B-5D33-465A-A702-920D77279786}") = "Tests", "Tests\Tests.fsproj", "{7C3B2089-D89D-48F5-BA13-2F2A7F89D63B}"
EndProject
Project("{F2A71F9B-5D33-465A-A702-920D77279786}") = "ClassLibrary1", "ClassLibrary1\ClassLibrary1.fsproj", "{3EBCE917-AC86-4904-B5F9-4B13E9638375}"
EndProject
Global
	GlobalSection(SolutionConfigurationPlatforms) = preSolution
		Debug|Any CPU = Debug|Any CPU
		Release|Any CPU = Release|Any CPU
	EndGlobalSection
	GlobalSection(ProjectConfigurationPlatforms) = postSolution
		{7C3B2089-D89D-48F5-BA13-2F2A7F89D63B}.Debug|Any CPU.ActiveCfg = Debug|Any CPU
		{7C3B2089-D89D-48F5-BA13-2F2A7F89D63B}.Debug|Any CPU.Build.0 = Debug|Any CPU
		{7C3B2089-D89D-48F5-BA13-2F2A7F89D63B}.Release|Any CPU.ActiveCfg = Release|Any CPU
		{7C3B2089-D89D-48F5-BA13-2F2A7F89D63B}.Release|Any CPU.Build.0 = Release|Any CPU
		{3EBCE917-AC86-4904-B5F9-4B13E9638375}.Debug|Any CPU.ActiveCfg = Debug|Any CPU
		{3EBCE917-AC86-4904-B5F9-4B13E9638375}.Debug|Any CPU.Build.0 = Debug|Any CPU
		{3EBCE917-AC86-4904-B5F9-4B13E9638375}.Release|Any CPU.ActiveCfg = Release|Any CPU
		{3EBCE917-AC86-4904-B5F9-4B13E9638375}.Release|Any CPU.Build.0 = Release|Any CPU
	EndGlobalSection
	GlobalSection(SolutionProperties) = preSolution
		HideSolutionNode = FALSE
	EndGlobalSection
	GlobalSection(ExtensibilityGlobals) = postSolution
		SolutionGuid = {0EDF168C-2292-41DD-B94B-991CB0EC0302}
	EndGlobalSection
EndGlobal
